
Microsoft Visual Studio Solution File, Format Version 12.00
Project("{FAE04EC0-301F-11D3-BF4B-00C04F79EFBC}") = "NbaApp", "NbaApp\NbaApp.csproj", "{C8E26DD5-F9CC-4A7E-BE7B-5388E4A83AA4}"
EndProject
Global
	GlobalSection(SolutionConfigurationPlatforms) = preSolution
		Debug|Any CPU = Debug|Any CPU
		Release|Any CPU = Release|Any CPU
	EndGlobalSection
	GlobalSection(ProjectConfigurationPlatforms) = postSolution
		{C8E26DD5-F9CC-4A7E-BE7B-5388E4A83AA4}.Debug|Any CPU.ActiveCfg = Debug|Any CPU
		{C8E26DD5-F9CC-4A7E-BE7B-5388E4A83AA4}.Debug|Any CPU.Build.0 = Debug|Any CPU
		{C8E26DD5-F9CC-4A7E-BE7B-5388E4A83AA4}.Release|Any CPU.ActiveCfg = Release|Any CPU
		{C8E26DD5-F9CC-4A7E-BE7B-5388E4A83AA4}.Release|Any CPU.Build.0 = Release|Any CPU
	EndGlobalSection
EndGlobal
